
Microsoft Visual Studio Solution File, Format Version 12.00
# Visual Studio 15
VisualStudioVersion = 15.0.26124.0
MinimumVisualStudioVersion = 15.0.26124.0
Project("{2150E333-8FDC-42A3-9474-1A3956D46DE8}") = "CreationalPatterns", "CreationalPatterns", "{4F49DA1B-8133-4424-93F1-E27F488A8AF0}"
EndProject
Project("{2150E333-8FDC-42A3-9474-1A3956D46DE8}") = "StructuralPatterns", "StructuralPatterns", "{19C29A55-C8F8-49C4-A09C-DE26A9C1FFE6}"
EndProject
Project("{2150E333-8FDC-42A3-9474-1A3956D46DE8}") = "BehavioralPatterns", "BehavioralPatterns", "{5CF5A61A-7447-4AA4-B617-81D2C689725E}"
EndProject
Project("{2150E333-8FDC-42A3-9474-1A3956D46DE8}") = "Proxy", "Proxy", "{0F4E81D6-8EFB-4B18-BDAA-DC6D17B75274}"
	ProjectSection(SolutionItems) = preProject
		readme.txt = readme.txt
	EndProjectSection
EndProject
Project("{FAE04EC0-301F-11D3-BF4B-00C04F79EFBC}") = "Proxy1", "Proxy1\Proxy1.csproj", "{992B1655-2786-402E-87C1-510A32E0C7D4}"
EndProject
Project("{FAE04EC0-301F-11D3-BF4B-00C04F79EFBC}") = "Proxy2", "Proxy2\Proxy2.csproj", "{CAC6A87F-ACE0-4B86-AE3C-063FE34DC1A0}"
EndProject
Project("{2150E333-8FDC-42A3-9474-1A3956D46DE8}") = "Strategy", "Strategy", "{03155631-C9E5-423A-BFED-397286CDC920}"
EndProject
Project("{2150E333-8FDC-42A3-9474-1A3956D46DE8}") = "Observer", "Observer", "{688BBBC1-5252-40BD-A2F6-5683C0A15331}"
EndProject
Project("{FAE04EC0-301F-11D3-BF4B-00C04F79EFBC}") = "Observer1", "Observer1\Observer1.csproj", "{39F23557-07EB-4C9C-B85C-D6DEC4535B1F}"
EndProject
Project("{FAE04EC0-301F-11D3-BF4B-00C04F79EFBC}") = "Observer2", "Observer2\Observer2.csproj", "{8B99C538-FA6E-4FEF-9AA9-265B5AC88EF6}"
EndProject
Project("{FAE04EC0-301F-11D3-BF4B-00C04F79EFBC}") = "Observer3", "Observer3\Observer3.csproj", "{8E10640C-58DA-4257-950F-8DFA4B336E47}"
EndProject
Project("{2150E333-8FDC-42A3-9474-1A3956D46DE8}") = "Decorator", "Decorator", "{92916ECC-885A-411E-BE5B-81A27E28466B}"
EndProject
Project("{FAE04EC0-301F-11D3-BF4B-00C04F79EFBC}") = "Decorator1", "Decorator1\Decorator1.csproj", "{4B7AA0DE-1C4F-42FE-AE7B-040017E71707}"
EndProject
Global
	GlobalSection(SolutionConfigurationPlatforms) = preSolution
		Debug|Any CPU = Debug|Any CPU
		Release|Any CPU = Release|Any CPU
	EndGlobalSection
	GlobalSection(ProjectConfigurationPlatforms) = postSolution
		{992B1655-2786-402E-87C1-510A32E0C7D4}.Debug|Any CPU.ActiveCfg = Debug|Any CPU
		{992B1655-2786-402E-87C1-510A32E0C7D4}.Debug|Any CPU.Build.0 = Debug|Any CPU
		{992B1655-2786-402E-87C1-510A32E0C7D4}.Release|Any CPU.ActiveCfg = Release|Any CPU
		{992B1655-2786-402E-87C1-510A32E0C7D4}.Release|Any CPU.Build.0 = Release|Any CPU
		{CAC6A87F-ACE0-4B86-AE3C-063FE34DC1A0}.Debug|Any CPU.ActiveCfg = Debug|Any CPU
		{CAC6A87F-ACE0-4B86-AE3C-063FE34DC1A0}.Debug|Any CPU.Build.0 = Debug|Any CPU
		{CAC6A87F-ACE0-4B86-AE3C-063FE34DC1A0}.Release|Any CPU.ActiveCfg = Release|Any CPU
		{CAC6A87F-ACE0-4B86-AE3C-063FE34DC1A0}.Release|Any CPU.Build.0 = Release|Any CPU
		{39F23557-07EB-4C9C-B85C-D6DEC4535B1F}.Debug|Any CPU.ActiveCfg = Debug|Any CPU
		{39F23557-07EB-4C9C-B85C-D6DEC4535B1F}.Debug|Any CPU.Build.0 = Debug|Any CPU
		{39F23557-07EB-4C9C-B85C-D6DEC4535B1F}.Release|Any CPU.ActiveCfg = Release|Any CPU
		{39F23557-07EB-4C9C-B85C-D6DEC4535B1F}.Release|Any CPU.Build.0 = Release|Any CPU
		{8B99C538-FA6E-4FEF-9AA9-265B5AC88EF6}.Debug|Any CPU.ActiveCfg = Debug|Any CPU
		{8B99C538-FA6E-4FEF-9AA9-265B5AC88EF6}.Debug|Any CPU.Build.0 = Debug|Any CPU
		{8B99C538-FA6E-4FEF-9AA9-265B5AC88EF6}.Release|Any CPU.ActiveCfg = Release|Any CPU
		{8B99C538-FA6E-4FEF-9AA9-265B5AC88EF6}.Release|Any CPU.Build.0 = Release|Any CPU
		{8E10640C-58DA-4257-950F-8DFA4B336E47}.Debug|Any CPU.ActiveCfg = Debug|Any CPU
		{8E10640C-58DA-4257-950F-8DFA4B336E47}.Debug|Any CPU.Build.0 = Debug|Any CPU
		{8E10640C-58DA-4257-950F-8DFA4B336E47}.Release|Any CPU.ActiveCfg = Release|Any CPU
		{8E10640C-58DA-4257-950F-8DFA4B336E47}.Release|Any CPU.Build.0 = Release|Any CPU
		{4B7AA0DE-1C4F-42FE-AE7B-040017E71707}.Debug|Any CPU.ActiveCfg = Debug|Any CPU
		{4B7AA0DE-1C4F-42FE-AE7B-040017E71707}.Debug|Any CPU.Build.0 = Debug|Any CPU
		{4B7AA0DE-1C4F-42FE-AE7B-040017E71707}.Release|Any CPU.ActiveCfg = Release|Any CPU
		{4B7AA0DE-1C4F-42FE-AE7B-040017E71707}.Release|Any CPU.Build.0 = Release|Any CPU
	EndGlobalSection
	GlobalSection(SolutionProperties) = preSolution
		HideSolutionNode = FALSE
	EndGlobalSection
	GlobalSection(NestedProjects) = preSolution
		{0F4E81D6-8EFB-4B18-BDAA-DC6D17B75274} = {19C29A55-C8F8-49C4-A09C-DE26A9C1FFE6}
		{992B1655-2786-402E-87C1-510A32E0C7D4} = {0F4E81D6-8EFB-4B18-BDAA-DC6D17B75274}
		{CAC6A87F-ACE0-4B86-AE3C-063FE34DC1A0} = {0F4E81D6-8EFB-4B18-BDAA-DC6D17B75274}
		{03155631-C9E5-423A-BFED-397286CDC920} = {5CF5A61A-7447-4AA4-B617-81D2C689725E}
		{688BBBC1-5252-40BD-A2F6-5683C0A15331} = {5CF5A61A-7447-4AA4-B617-81D2C689725E}
		{39F23557-07EB-4C9C-B85C-D6DEC4535B1F} = {688BBBC1-5252-40BD-A2F6-5683C0A15331}
		{8B99C538-FA6E-4FEF-9AA9-265B5AC88EF6} = {688BBBC1-5252-40BD-A2F6-5683C0A15331}
		{8E10640C-58DA-4257-950F-8DFA4B336E47} = {688BBBC1-5252-40BD-A2F6-5683C0A15331}
		{92916ECC-885A-411E-BE5B-81A27E28466B} = {19C29A55-C8F8-49C4-A09C-DE26A9C1FFE6}
		{4B7AA0DE-1C4F-42FE-AE7B-040017E71707} = {92916ECC-885A-411E-BE5B-81A27E28466B}
	EndGlobalSection
	GlobalSection(ExtensibilityGlobals) = postSolution
		SolutionGuid = {C035F9B2-7C47-44F3-A7A0-19B7DA9E9FB5}
	EndGlobalSection
EndGlobal
